{
  "originHash" : "dabae309e4d953c6078551316ae86a5734d40b513a072dc844bec5c1647e7dd7",
  "pins" : [
    {
      "identity" : "snap-foundation",
      "kind" : "remoteSourceControl",
      "location" : "https://github.com/simonnickel/snap-foundation.git",
      "state" : {
        "branch" : "main",
        "revision" : "70686e7b95d1e4cd648746f42ba47416e237b9a7"
      }
    }
  ],
  "version" : 3
}
