{
  "originHash" : "dabae309e4d953c6078551316ae86a5734d40b513a072dc844bec5c1647e7dd7",
  "pins" : [
    {
      "identity" : "snap-foundation",
      "kind" : "remoteSourceControl",
      "location" : "https://github.com/simonnickel/snap-foundation.git",
      "state" : {
        "branch" : "main",
        "revision" : "ee8af3f0c4ec6d9f375e4f9c192247d13cb1f760"
      }
    }
  ],
  "version" : 3
}
