{
  "originHash" : "07f342425746e1439a63f51a7536ca9542a787ca2befb100b34da295024b4116",
  "pins" : [
    {
      "identity" : "snap-foundation",
      "kind" : "remoteSourceControl",
      "location" : "https://github.com/simonnickel/snap-foundation.git",
      "state" : {
        "branch" : "main",
        "revision" : "ee8af3f0c4ec6d9f375e4f9c192247d13cb1f760"
      }
    }
  ],
  "version" : 3
}
