{
  "originHash" : "3c63043dc984b48e2136dea25330383e2c29a608bd841980558f14ebfa4a6881",
  "pins" : [
    {
      "identity" : "snap-foundation",
      "kind" : "remoteSourceControl",
      "location" : "https://github.com/simonnickel/snap-foundation.git",
      "state" : {
        "branch" : "main",
        "revision" : "0b17c1a2b91dfd4a732f123778f63cc9aa398b8e"
      }
    }
  ],
  "version" : 3
}
